
Microsoft Visual Studio Solution File, Format Version 12.00
# Visual Studio Version 17
VisualStudioVersion = 17.6.33723.286
MinimumVisualStudioVersion = 10.0.40219.1
Project("{9A19103F-16F7-4668-BE54-9A1E7A4F7556}") = "DEMOGraphQL.Data", "DEMOGraphQL.Data\DEMOGraphQL.Data.csproj", "{11EE3206-EE4B-4637-A09C-0B2ED7A0D619}"
EndProject
Project("{9A19103F-16F7-4668-BE54-9A1E7A4F7556}") = "DEMOGraphQL.Web", "DEMOGraphQL.Web\DEMOGraphQL.Web.csproj", "{6B90BDCC-CD5B-4F0F-8D9A-4DF68F973239}"
EndProject
Global
	GlobalSection(SolutionConfigurationPlatforms) = preSolution
		Debug|Any CPU = Debug|Any CPU
		Release|Any CPU = Release|Any CPU
	EndGlobalSection
	GlobalSection(ProjectConfigurationPlatforms) = postSolution
		{11EE3206-EE4B-4637-A09C-0B2ED7A0D619}.Debug|Any CPU.ActiveCfg = Debug|Any CPU
		{11EE3206-EE4B-4637-A09C-0B2ED7A0D619}.Debug|Any CPU.Build.0 = Debug|Any CPU
		{11EE3206-EE4B-4637-A09C-0B2ED7A0D619}.Release|Any CPU.ActiveCfg = Release|Any CPU
		{11EE3206-EE4B-4637-A09C-0B2ED7A0D619}.Release|Any CPU.Build.0 = Release|Any CPU
		{6B90BDCC-CD5B-4F0F-8D9A-4DF68F973239}.Debug|Any CPU.ActiveCfg = Debug|Any CPU
		{6B90BDCC-CD5B-4F0F-8D9A-4DF68F973239}.Debug|Any CPU.Build.0 = Debug|Any CPU
		{6B90BDCC-CD5B-4F0F-8D9A-4DF68F973239}.Release|Any CPU.ActiveCfg = Release|Any CPU
		{6B90BDCC-CD5B-4F0F-8D9A-4DF68F973239}.Release|Any CPU.Build.0 = Release|Any CPU
	EndGlobalSection
	GlobalSection(SolutionProperties) = preSolution
		HideSolutionNode = FALSE
	EndGlobalSection
	GlobalSection(ExtensibilityGlobals) = postSolution
		SolutionGuid = {C530221B-7F04-4D71-B49B-7D48A890FE94}
	EndGlobalSection
EndGlobal
